
Microsoft Visual Studio Solution File, Format Version 12.00
# Visual Studio Version 16
VisualStudioVersion = 16.0.33423.256
MinimumVisualStudioVersion = 10.0.40219.1
Project("{8BC9CEB8-8B4A-11D0-8D11-00A0C91BC942}") = "Cifar10", "Cifar10\Cifar10.vcxproj", "{3D771313-67BF-4C31-BA9B-EF853AA6D20E}"
EndProject
Global
	GlobalSection(SolutionConfigurationPlatforms) = preSolution
		Debug|x64 = Debug|x64
		Debug|x86 = Debug|x86
		Release|x64 = Release|x64
		Release|x86 = Release|x86
	EndGlobalSection
	GlobalSection(ProjectConfigurationPlatforms) = postSolution
		{3D771313-67BF-4C31-BA9B-EF853AA6D20E}.Debug|x64.ActiveCfg = Debug|x64
		{3D771313-67BF-4C31-BA9B-EF853AA6D20E}.Debug|x64.Build.0 = Debug|x64
		{3D771313-67BF-4C31-BA9B-EF853AA6D20E}.Debug|x86.ActiveCfg = Debug|Win32
		{3D771313-67BF-4C31-BA9B-EF853AA6D20E}.Debug|x86.Build.0 = Debug|Win32
		{3D771313-67BF-4C31-BA9B-EF853AA6D20E}.Release|x64.ActiveCfg = Release|x64
		{3D771313-67BF-4C31-BA9B-EF853AA6D20E}.Release|x64.Build.0 = Release|x64
		{3D771313-67BF-4C31-BA9B-EF853AA6D20E}.Release|x86.ActiveCfg = Release|Win32
		{3D771313-67BF-4C31-BA9B-EF853AA6D20E}.Release|x86.Build.0 = Release|Win32
	EndGlobalSection
	GlobalSection(SolutionProperties) = preSolution
		HideSolutionNode = FALSE
	EndGlobalSection
	GlobalSection(ExtensibilityGlobals) = postSolution
		SolutionGuid = {452A7463-9604-455E-A6A4-6F1E027D5098}
	EndGlobalSection
EndGlobal
